
Microsoft Visual Studio Solution File, Format Version 12.00
# Visual Studio Version 17
VisualStudioVersion = 17.8.34511.84
MinimumVisualStudioVersion = 10.0.40219.1
Project("{FAE04EC0-301F-11D3-BF4B-00C04F79EFBC}") = "ATV_CJ302217X", "ATV_CJ302217X\ATV_CJ302217X.csproj", "{D85F9F0F-5CFB-41BF-97F4-10E6ABBB68BD}"
EndProject
Global
	GlobalSection(SolutionConfigurationPlatforms) = preSolution
		Debug|Any CPU = Debug|Any CPU
		Release|Any CPU = Release|Any CPU
	EndGlobalSection
	GlobalSection(ProjectConfigurationPlatforms) = postSolution
		{D85F9F0F-5CFB-41BF-97F4-10E6ABBB68BD}.Debug|Any CPU.ActiveCfg = Debug|Any CPU
		{D85F9F0F-5CFB-41BF-97F4-10E6ABBB68BD}.Debug|Any CPU.Build.0 = Debug|Any CPU
		{D85F9F0F-5CFB-41BF-97F4-10E6ABBB68BD}.Release|Any CPU.ActiveCfg = Release|Any CPU
		{D85F9F0F-5CFB-41BF-97F4-10E6ABBB68BD}.Release|Any CPU.Build.0 = Release|Any CPU
	EndGlobalSection
	GlobalSection(SolutionProperties) = preSolution
		HideSolutionNode = FALSE
	EndGlobalSection
	GlobalSection(ExtensibilityGlobals) = postSolution
		SolutionGuid = {7076D976-01D8-414C-BC0D-94A3D002865B}
	EndGlobalSection
EndGlobal
